
Microsoft Visual Studio Solution File, Format Version 12.00
# Visual Studio Version 17
VisualStudioVersion = 17.5.33424.131
MinimumVisualStudioVersion = 10.0.40219.1
Project("{FAE04EC0-301F-11D3-BF4B-00C04F79EFBC}") = "demo1", "demo1\demo1.csproj", "{93978C04-274B-4635-A256-8A7616688771}"
EndProject
Global
	GlobalSection(SolutionConfigurationPlatforms) = preSolution
		Debug|Any CPU = Debug|Any CPU
		Release|Any CPU = Release|Any CPU
	EndGlobalSection
	GlobalSection(ProjectConfigurationPlatforms) = postSolution
		{93978C04-274B-4635-A256-8A7616688771}.Debug|Any CPU.ActiveCfg = Debug|Any CPU
		{93978C04-274B-4635-A256-8A7616688771}.Debug|Any CPU.Build.0 = Debug|Any CPU
		{93978C04-274B-4635-A256-8A7616688771}.Release|Any CPU.ActiveCfg = Release|Any CPU
		{93978C04-274B-4635-A256-8A7616688771}.Release|Any CPU.Build.0 = Release|Any CPU
	EndGlobalSection
	GlobalSection(SolutionProperties) = preSolution
		HideSolutionNode = FALSE
	EndGlobalSection
	GlobalSection(ExtensibilityGlobals) = postSolution
		SolutionGuid = {B6116A93-E9CE-4278-AB0C-B5B028F4D605}
	EndGlobalSection
EndGlobal
